<?xml version="1.0" encoding="utf-8"?>
<Project ToolsVersion="4.0" xmlns="http://schemas.microsoft.com/developer/msbuild/2003">
  <ItemGroup>
    <Filter Include="Source Files">
      <UniqueIdentifier>{4FC737F1-C7A5-4376-A066-2A32D752A2FF}</UniqueIdentifier>
      <Extensions>cpp;c;cc;cxx;c++;cppm;ixx;def;odl;idl;hpj;bat;asm;asmx</Extensions>
    </Filter>
    <Filter Include="Header Files">
      <UniqueIdentifier>{93995380-89BD-4b04-88EB-625FBE52EBFB}</UniqueIdentifier>
      <Extensions>h;hh;hpp;hxx;h++;hm;inl;inc;ipp;xsd</Extensions>
    </Filter>
    <Filter Include="Resource Files">
      <UniqueIdentifier>{67DA6AB6-F800-4c08-8B7A-83BB121AAD01}</UniqueIdentifier>
      <Extensions>rc;ico;cur;bmp;dlg;rc2;rct;bin;rgs;gif;jpg;jpeg;jpe;resx;tiff;tif;png;wav;mfcribbon-ms</Extensions>
    </Filter>
    <Filter Include="Resource Files\pikachu">
      <UniqueIdentifier>{a20ad45c-887f-4f06-a278-5ebbe3389a95}</UniqueIdentifier>
    </Filter>
    <Filter Include="Resource Files\pikachu\data">
      <UniqueIdentifier>{4a5687ff-164d-4f24-a344-4cef62784307}</UniqueIdentifier>
    </Filter>
    <Filter Include="Resource Files\pikachu\data\music">
      <UniqueIdentifier>{e8587946-654a-4da8-aa08-80921df82a1d}</UniqueIdentifier>
    </Filter>
    <Filter Include="Resource Files\pikachu\data\img">
      <UniqueIdentifier>{bca3523a-ddd3-480e-aac1-4d3e3f16a7f5}</UniqueIdentifier>
    </Filter>
    <Filter Include="Source Files\Games">
      <UniqueIdentifier>{894e6dc9-7550-4828-a587-8cc497a57450}</UniqueIdentifier>
    </Filter>
    <Filter Include="Source Files\Games\Player">
      <UniqueIdentifier>{1d7ca9a6-5d8d-4cad-aa46-9667163229fd}</UniqueIdentifier>
    </Filter>
    <Filter Include="Source Files\Games\Resource">
      <UniqueIdentifier>{e9d82403-07c5-4949-86e4-5f933bfcdf4f}</UniqueIdentifier>
    </Filter>
    <Filter Include="Source Files\Games\Game">
      <UniqueIdentifier>{822fe0f8-8224-440a-ae6e-fcbd269ebbb4}</UniqueIdentifier>
    </Filter>
    <Filter Include="Source Files\Games\Entity">
      <UniqueIdentifier>{9f1d6bea-83d2-4be1-8090-132a1128c46f}</UniqueIdentifier>
    </Filter>
  </ItemGroup>
  <ItemGroup>
    <Image Include="data\fainted.png">
      <Filter>Resource Files\pikachu\data\img</Filter>
    </Image>
    <Image Include="data\final score.png">
      <Filter>Resource Files\pikachu\data\img</Filter>
    </Image>
    <Image Include="source\data\food.png">
      <Filter>Resource Files\pikachu\data\img</Filter>
    </Image>
    <Image Include="data\instructions_1.png">
      <Filter>Resource Files\pikachu\data\img</Filter>
    </Image>
    <Image Include="data\intro_1.png">
      <Filter>Resource Files\pikachu\data\img</Filter>
    </Image>
    <Image Include="data\intro_2.png">
      <Filter>Resource Files\pikachu\data\img</Filter>
    </Image>
    <Image Include="source\data\pikachu.png">
      <Filter>Resource Files\pikachu\data\img</Filter>
    </Image>
    <Image Include="data\background.png">
      <Filter>Resource Files\pikachu\data\img</Filter>
    </Image>
  </ItemGroup>
  <ItemGroup>
    <Media Include="data\music\cycling_cut.wav">
      <Filter>Resource Files\pikachu\data\music</Filter>
    </Media>
    <Media Include="data\music\game over.wav">
      <Filter>Resource Files\pikachu\data\music</Filter>
    </Media>
    <Media Include="data\music\piKAchu cute.wav">
      <Filter>Resource Files\pikachu\data\music</Filter>
    </Media>
  </ItemGroup>
  <ItemGroup>
    <ClCompile Include="source\main\main.cpp">
      <Filter>Source Files</Filter>
    </ClCompile>
    <ClCompile Include="source\tutorial\Entity.cpp">
      <Filter>Source Files\Games\Entity</Filter>
    </ClCompile>
    <ClCompile Include="source\tutorial\game.cpp">
      <Filter>Source Files\Games\Game</Filter>
    </ClCompile>
    <ClCompile Include="source\tutorial\Player.cpp">
      <Filter>Source Files\Games\Player</Filter>
    </ClCompile>
  </ItemGroup>
  <ItemGroup>
    <ClInclude Include="source\tutorial\Entity.h">
      <Filter>Source Files\Games\Entity</Filter>
    </ClInclude>
    <ClInclude Include="source\tutorial\game.h">
      <Filter>Source Files\Games\Game</Filter>
    </ClInclude>
    <ClInclude Include="source\tutorial\Player.h">
      <Filter>Source Files\Games\Player</Filter>
    </ClInclude>
    <ClInclude Include="source\tutorial\ResourceHolder.hpp">
      <Filter>Source Files\Games\Resource</Filter>
    </ClInclude>
    <ClInclude Include="source\tutorial\rnd.h">
      <Filter>Source Files\Games</Filter>
    </ClInclude>
  </ItemGroup>
  <ItemGroup>
    <None Include="source\tutorial\ResourceHolder.inl">
      <Filter>Source Files\Games\Resource</Filter>
    </None>
  </ItemGroup>
  <ItemGroup>
    <Text Include="source\Text.txt">
      <Filter>Source Files\Games\Game</Filter>
    </Text>
  </ItemGroup>
</Project>